
Microsoft Visual Studio Solution File, Format Version 12.00
# Visual Studio Version 16
VisualStudioVersion = 16.0.30804.86
MinimumVisualStudioVersion = 10.0.40219.1
Project("{FAE04EC0-301F-11D3-BF4B-00C04F79EFBC}") = "VyvojoveMetody", "VyvojoveMetody\VyvojoveMetody.csproj", "{52F26DD7-5507-4BEF-BA34-6A51138E6B7D}"
EndProject
Project("{FAE04EC0-301F-11D3-BF4B-00C04F79EFBC}") = "UnitTestProject", "UnitTestProject\UnitTestProject.csproj", "{D17D15CD-3A15-495F-973E-8DAE780FCDD3}"
EndProject
Global
	GlobalSection(SolutionConfigurationPlatforms) = preSolution
		Debug|Any CPU = Debug|Any CPU
		Release|Any CPU = Release|Any CPU
	EndGlobalSection
	GlobalSection(ProjectConfigurationPlatforms) = postSolution
		{52F26DD7-5507-4BEF-BA34-6A51138E6B7D}.Debug|Any CPU.ActiveCfg = Debug|Any CPU
		{52F26DD7-5507-4BEF-BA34-6A51138E6B7D}.Debug|Any CPU.Build.0 = Debug|Any CPU
		{52F26DD7-5507-4BEF-BA34-6A51138E6B7D}.Release|Any CPU.ActiveCfg = Release|Any CPU
		{52F26DD7-5507-4BEF-BA34-6A51138E6B7D}.Release|Any CPU.Build.0 = Release|Any CPU
		{D17D15CD-3A15-495F-973E-8DAE780FCDD3}.Debug|Any CPU.ActiveCfg = Debug|Any CPU
		{D17D15CD-3A15-495F-973E-8DAE780FCDD3}.Debug|Any CPU.Build.0 = Debug|Any CPU
		{D17D15CD-3A15-495F-973E-8DAE780FCDD3}.Release|Any CPU.ActiveCfg = Release|Any CPU
		{D17D15CD-3A15-495F-973E-8DAE780FCDD3}.Release|Any CPU.Build.0 = Release|Any CPU
	EndGlobalSection
	GlobalSection(SolutionProperties) = preSolution
		HideSolutionNode = FALSE
	EndGlobalSection
	GlobalSection(ExtensibilityGlobals) = postSolution
		SolutionGuid = {B721DA70-E792-4C8E-B5CE-D45F0153B0AE}
	EndGlobalSection
EndGlobal
